
Microsoft Visual Studio Solution File, Format Version 12.00
# Visual Studio Version 17
VisualStudioVersion = 17.5.33502.453
MinimumVisualStudioVersion = 10.0.40219.1
Project("{FAE04EC0-301F-11D3-BF4B-00C04F79EFBC}") = "WinForm_StudentManagement", "WinForm_StudentManagement\WinForm_StudentManagement.csproj", "{27E2BA20-ACD8-41B1-8BA0-09AA7B1CD780}"
EndProject
Global
	GlobalSection(SolutionConfigurationPlatforms) = preSolution
		Debug|Any CPU = Debug|Any CPU
		Release|Any CPU = Release|Any CPU
	EndGlobalSection
	GlobalSection(ProjectConfigurationPlatforms) = postSolution
		{27E2BA20-ACD8-41B1-8BA0-09AA7B1CD780}.Debug|Any CPU.ActiveCfg = Debug|Any CPU
		{27E2BA20-ACD8-41B1-8BA0-09AA7B1CD780}.Debug|Any CPU.Build.0 = Debug|Any CPU
		{27E2BA20-ACD8-41B1-8BA0-09AA7B1CD780}.Release|Any CPU.ActiveCfg = Release|Any CPU
		{27E2BA20-ACD8-41B1-8BA0-09AA7B1CD780}.Release|Any CPU.Build.0 = Release|Any CPU
	EndGlobalSection
	GlobalSection(SolutionProperties) = preSolution
		HideSolutionNode = FALSE
	EndGlobalSection
	GlobalSection(ExtensibilityGlobals) = postSolution
		SolutionGuid = {487ED7F3-193D-4A1E-A4BA-37D5FE5853EE}
	EndGlobalSection
EndGlobal
